
Microsoft Visual Studio Solution File, Format Version 11.00
# Visual Studio 2010
Project("{FAE04EC0-301F-11D3-BF4B-00C04F79EFBC}") = "NetPinger", "NetPinger.csproj", "{335DC8FA-B3AE-45BC-A5C9-F0F40EA5489D}"
EndProject
Project("{FAE04EC0-301F-11D3-BF4B-00C04F79EFBC}") = "LiveGraph", "LiveGraph\LiveGraph.csproj", "{50D1E618-DAD0-46FC-873E-A444680E0727}"
EndProject
Project("{FAE04EC0-301F-11D3-BF4B-00C04F79EFBC}") = "NetUtils", "NetUtils\NetUtils.csproj", "{68D88B29-9028-461F-88A3-CC1C9B0009D8}"
EndProject
Global
	GlobalSection(SubversionScc) = preSolution
		Svn-Managed = True
		Manager = AnkhSVN - Subversion Support for Visual Studio
	EndGlobalSection
	GlobalSection(SolutionConfigurationPlatforms) = preSolution
		Debug|Any CPU = Debug|Any CPU
		Release|Any CPU = Release|Any CPU
	EndGlobalSection
	GlobalSection(ProjectConfigurationPlatforms) = postSolution
		{335DC8FA-B3AE-45BC-A5C9-F0F40EA5489D}.Debug|Any CPU.ActiveCfg = Debug|Any CPU
		{335DC8FA-B3AE-45BC-A5C9-F0F40EA5489D}.Debug|Any CPU.Build.0 = Debug|Any CPU
		{335DC8FA-B3AE-45BC-A5C9-F0F40EA5489D}.Release|Any CPU.ActiveCfg = Release|Any CPU
		{335DC8FA-B3AE-45BC-A5C9-F0F40EA5489D}.Release|Any CPU.Build.0 = Release|Any CPU
		{50D1E618-DAD0-46FC-873E-A444680E0727}.Debug|Any CPU.ActiveCfg = Debug|Any CPU
		{50D1E618-DAD0-46FC-873E-A444680E0727}.Debug|Any CPU.Build.0 = Debug|Any CPU
		{50D1E618-DAD0-46FC-873E-A444680E0727}.Release|Any CPU.ActiveCfg = Release|Any CPU
		{50D1E618-DAD0-46FC-873E-A444680E0727}.Release|Any CPU.Build.0 = Release|Any CPU
		{68D88B29-9028-461F-88A3-CC1C9B0009D8}.Debug|Any CPU.ActiveCfg = Debug|Any CPU
		{68D88B29-9028-461F-88A3-CC1C9B0009D8}.Debug|Any CPU.Build.0 = Debug|Any CPU
		{68D88B29-9028-461F-88A3-CC1C9B0009D8}.Release|Any CPU.ActiveCfg = Release|Any CPU
		{68D88B29-9028-461F-88A3-CC1C9B0009D8}.Release|Any CPU.Build.0 = Release|Any CPU
	EndGlobalSection
	GlobalSection(SolutionProperties) = preSolution
		HideSolutionNode = FALSE
	EndGlobalSection
EndGlobal
